
Microsoft Visual Studio Solution File, Format Version 12.00
# Visual Studio 15
Project("{FAE04EC0-301F-11D3-BF4B-00C04F79EFBC}") = "ShorelineRemoteContacts", "ShorelineRemoteContacts\ShorelineRemoteContacts.csproj", "{ABE1780F-1080-4598-9748-F7EE6CEBA638}"
EndProject
Project("{FAE04EC0-301F-11D3-BF4B-00C04F79EFBC}") = "ShorelineRemoteContacts.Tests", "ShorelineRemoteContacts.Tests\ShorelineRemoteContacts.Tests.csproj", "{579A9D29-7CD6-4B04-812D-2C78D4A33C8B}"
EndProject
Global
	GlobalSection(SolutionConfigurationPlatforms) = preSolution
		Debug|Any CPU = Debug|Any CPU
		Release|Any CPU = Release|Any CPU
	EndGlobalSection
	GlobalSection(ProjectConfigurationPlatforms) = postSolution
		{ABE1780F-1080-4598-9748-F7EE6CEBA638}.Debug|Any CPU.ActiveCfg = Debug|Any CPU
		{ABE1780F-1080-4598-9748-F7EE6CEBA638}.Debug|Any CPU.Build.0 = Debug|Any CPU
		{ABE1780F-1080-4598-9748-F7EE6CEBA638}.Release|Any CPU.ActiveCfg = Release|Any CPU
		{ABE1780F-1080-4598-9748-F7EE6CEBA638}.Release|Any CPU.Build.0 = Release|Any CPU
		{579A9D29-7CD6-4B04-812D-2C78D4A33C8B}.Debug|Any CPU.ActiveCfg = Debug|Any CPU
		{579A9D29-7CD6-4B04-812D-2C78D4A33C8B}.Debug|Any CPU.Build.0 = Debug|Any CPU
		{579A9D29-7CD6-4B04-812D-2C78D4A33C8B}.Release|Any CPU.ActiveCfg = Release|Any CPU
		{579A9D29-7CD6-4B04-812D-2C78D4A33C8B}.Release|Any CPU.Build.0 = Release|Any CPU
	EndGlobalSection
EndGlobal
